schema: '2.0'
stages:
  data_ingestion:
    cmd: python src/data/data_ingestion.py
    deps:
    - path: src/data/data_ingestion.py
      hash: md5
      md5: db1bebac1743638447b3114c4fcffeae
      size: 1415
    outs:
    - path: data/external/uber.csv
      hash: md5
      md5: c18a25c9317629290a6849d8d435d6a9
      size: 15649927
  data_processing:
    cmd: python src/data/data_preprocessing.py
    deps:
    - path: data/external/uber.csv
      hash: md5
      md5: c18a25c9317629290a6849d8d435d6a9
      size: 15649927
    - path: src/data/data_preprocessing.py
      hash: md5
      md5: 4f82ce1a7e6a87b1740c8a21e99fd6c3
      size: 3961
    outs:
    - path: data/raw/driver_acceptance_data.csv
      hash: md5
      md5: 883fc0090e53fdc4d851794e11d7c0b1
      size: 6963263
  feature_engineering:
    cmd: python src/features/feature_engineering.py
    deps:
    - path: data/raw/driver_acceptance_data.csv
      hash: md5
      md5: 883fc0090e53fdc4d851794e11d7c0b1
      size: 6963263
    - path: src/features/feature_engineering.py
      hash: md5
      md5: e852c2d7bb67ff1c603798fe8b5c747f
      size: 12393
    - path: src/features/missing_value_imputer.py
      hash: md5
      md5: c85ebc9721f84c307d0d5d5fd35e9f7a
      size: 2452
    outs:
    - path: data/processed/test.csv
      hash: md5
      md5: 1bf640d294a1419927bc30b99372c3b4
      size: 1411613
    - path: data/processed/train.csv
      hash: md5
      md5: ff15eb8928b0c52bb65bb9a7cccbcee4
      size: 5536364
  model_building:
    cmd: python src/models/model_building.py
    deps:
    - path: data/processed/train.csv
      hash: md5
      md5: ff15eb8928b0c52bb65bb9a7cccbcee4
      size: 5536364
    - path: params.yaml
      hash: md5
      md5: 591f144a6019e775cd7e7245ed9c8200
      size: 226
    - path: src/models/model_building.py
      hash: md5
      md5: 691c6cbc30e36e2aef176b2cba52b3d0
      size: 11827
    params:
      params.yaml:
        model_building.class_weight: balanced
        model_building.colsample_bytree: 0.7
        model_building.learning_rate: 0.01
        model_building.min_child_samples: 50
        model_building.n_estimators: 999
        model_building.num_leaves: 31
        model_building.random_state: 42
        model_building.reg_alpha: 1
        model_building.reg_lambda: 1
        model_building.subsample: 0.8
    outs:
    - path: models/lightgbm_model.pkl
      hash: md5
      md5: 01c633fcd24ebb8cd7fd12e651a65e9d
      size: 3361789
    - path: models/scaler.pkl
      hash: md5
      md5: 9b3a26183d25fbd3a236ddf2dc93165b
      size: 855
  model_evaluation:
    cmd: python src/models/model_evaluation.py
    deps:
    - path: data/processed/test.csv
      hash: md5
      md5: 1bf640d294a1419927bc30b99372c3b4
      size: 1411613
    - path: models/lightgbm_model.pkl
      hash: md5
      md5: 01c633fcd24ebb8cd7fd12e651a65e9d
      size: 3361789
    - path: models/scaler.pkl
      hash: md5
      md5: 9b3a26183d25fbd3a236ddf2dc93165b
      size: 855
    - path: src/models/classification_evaluator.py
      hash: md5
      md5: 88c2abb1cc7e5f6586bc0403c882b9b2
      size: 2189
    - path: src/models/model_evaluation.py
      hash: md5
      md5: 2654918d48c38788dfd93cfb13aec1c3
      size: 8252
    outs:
    - path: reports/evaluation_report.json
      hash: md5
      md5: 2b4bb90253828dab32700b1d9338aea0
      size: 186
